
Microsoft Visual Studio Solution File, Format Version 12.00
# Visual Studio Version 16
VisualStudioVersion = 16.0.31829.152
MinimumVisualStudioVersion = 10.0.40219.1
Project("{FAE04EC0-301F-11D3-BF4B-00C04F79EFBC}") = "WebVendas", "WebVendas\WebVendas.csproj", "{293A28F1-D2F8-4D80-AB54-83A89596C887}"
EndProject
Global
	GlobalSection(SolutionConfigurationPlatforms) = preSolution
		Debug|Any CPU = Debug|Any CPU
		Release|Any CPU = Release|Any CPU
	EndGlobalSection
	GlobalSection(ProjectConfigurationPlatforms) = postSolution
		{293A28F1-D2F8-4D80-AB54-83A89596C887}.Debug|Any CPU.ActiveCfg = Debug|Any CPU
		{293A28F1-D2F8-4D80-AB54-83A89596C887}.Debug|Any CPU.Build.0 = Debug|Any CPU
		{293A28F1-D2F8-4D80-AB54-83A89596C887}.Release|Any CPU.ActiveCfg = Release|Any CPU
		{293A28F1-D2F8-4D80-AB54-83A89596C887}.Release|Any CPU.Build.0 = Release|Any CPU
	EndGlobalSection
	GlobalSection(SolutionProperties) = preSolution
		HideSolutionNode = FALSE
	EndGlobalSection
	GlobalSection(ExtensibilityGlobals) = postSolution
		SolutionGuid = {411799CE-A097-43DE-AB8D-9CFB1C41C2A5}
	EndGlobalSection
EndGlobal
